name: Blocks Mined
description: Blocks Mined
iconDir: blocks

sections:
  stone: stone
  grass: grass
  dirt: dirt
  cobblestone: cobblestone
  planks: planks
  sapling: sapling
  bedrock: bedrock
  sand: sand
  gravel: gravel
  gold_ore: gold_ore
  iron_ore: iron_ore
  coal_ore: coal_ore
  log: log
  leaves: leaves
  sponge: sponge
  glass: glass
  lapis_ore: lapis_ore
  lapis_block: lapis_block
  dispenser: dispenser
  sandstone: sandstone
  noteblock: noteblock
  golden_rail: golden_rail
  detector_rail: detector_rail
  sticky_piston: sticky_piston
  web: web
  tallgrass: tallgrass
  deadbush: deadbush
  piston: piston
  wool: wool
  yellow_flower: yellow_flower
  red_flower: red_flower
  brown_mushroom: brown_mushroom
  red_mushroom: red_mushroom
  gold_block: gold_block
  iron_block: iron_block
  stone_slab: stone_slab
  brick_block: brick_block
  tnt: tnt
  bookshelf: bookshelf
  mossy_cobblestone: mossy_cobblestone
  obsidian: obsidian
  torch: torch
  mob_spawner: mob_spawner
  oak_stairs: oak_stairs
  chest: chest
  diamond_ore: diamond_ore
  diamond_block: diamond_block
  crafting_table: crafting_table
  farmland: farmland
  furnace: furnace
  lit_furnace: lit_furnace
  ladder: ladder
  rail: rail
  stone_stairs: stone_stairs
  lever: lever
  stone_pressure_plate: stone_pressure_plate
  wooden_pressure_plate: wooden_pressure_plate
  redstone_ore: redstone_ore
  redstone_torch: redstone_torch
  stone_button: stone_button
  snow_layer: snow_layer
  ice: ice
  snow: snow
  cactus: cactus
  clay: clay
  jukebox: jukebox
  fence: fence
  pumpkin: pumpkin
  netherrack: netherrack
  soul_sand: soul_sand
  glowstone: glowstone
  lit_pumpkin: lit_pumpkin
  stained_glass: stained_glass
  trapdoor: trapdoor
  monster_egg: monster_egg
  stonebrick: stonebrick
  brown_mushroom_block: brown_mushroom_block
  red_mushroom_block: red_mushroom_block
  iron_bars: iron_bars
  glass_pane: glass_pane
  melon_block: melon_block
  vine: vine
  fence_gate: fence_gate
  brick_stairs: brick_stairs
  stone_brick_stairs: stone_brick_stairs
  mycelium: mycelium
  waterlily: waterlily
  nether_brick: nether_brick
  nether_brick_fence: nether_brick_fence
  nether_brick_stairs: nether_brick_stairs
  enchanting_table: enchanting_table
  end_portal_frame: end_portal_frame
  end_stone: end_stone
  dragon_egg: dragon_egg
  redstone_lamp: redstone_lamp
  wooden_slab: wooden_slab
  sandstone_stairs: sandstone_stairs
  emerald_ore: emerald_ore
  ender_chest: ender_chest
  tripwire_hook: tripwire_hook
  emerald_block: emerald_block
  spruce_stairs: spruce_stairs
  birch_stairs: birch_stairs
  jungle_stairs: jungle_stairs
  command_block: command_block
  beacon: beacon
  cobblestone_wall: cobblestone_wall
  wooden_button: wooden_button
  anvil: anvil
  trapped_chest: trapped_chest
  light_weighted_pressure_plate: light_weighted_pressure_plate
  heavy_weighted_pressure_plate: heavy_weighted_pressure_plate
  daylight_detector: daylight_detector
  redstone_block: redstone_block
  quartz_ore: quartz_ore
  hopper: hopper
  quartz_block: quartz_block
  quartz_stairs: quartz_stairs
  activator_rail: activator_rail
  dropper: dropper
  stained_hardened_clay: stained_hardened_clay
  stained_glass_pane: stained_glass_pane
  leaves2: leaves2
  log2: log2
  acacia_stairs: acacia_stairs
  dark_oak_stairs: dark_oak_stairs
  slime: slime
  barrier: barrier
  iron_trapdoor: iron_trapdoor
  prismarine: prismarine
  sea_lantern: sea_lantern
  hay_block: hay_block
  carpet: carpet
  hardened_clay: hardened_clay
  coal_block: coal_block
  packed_ice: packed_ice
  double_plant: double_plant
  red_sandstone: red_sandstone
  red_sandstone_stairs: red_sandstone_stairs
  stone_slab2: stone_slab2
  spruce_fence_gate: spruce_fence_gate
  birch_fence_gate: birch_fence_gate
  jungle_fence_gate: jungle_fence_gate
  dark_oak_fence_gate: dark_oak_fence_gate
  acacia_fence_gate: acacia_fence_gate
  spruce_fence: spruce_fence
  birch_fence: birch_fence
  jungle_fence: jungle_fence
  dark_oak_fence: dark_oak_fence
  acacia_fence: acacia_fence
